
Microsoft Visual Studio Solution File, Format Version 12.00
# Visual Studio 15
VisualStudioVersion = 15.0.28307.1684
MinimumVisualStudioVersion = 10.0.40219.1
Project("{8BC9CEB8-8B4A-11D0-8D11-00A0C91BC942}") = "2.24", "2.24\2.24.vcxproj", "{BCE9C3B4-3102-4564-8C2C-317B0559F958}"
EndProject
Global
	GlobalSection(SolutionConfigurationPlatforms) = preSolution
		Debug|x64 = Debug|x64
		Debug|x86 = Debug|x86
		Release|x64 = Release|x64
		Release|x86 = Release|x86
	EndGlobalSection
	GlobalSection(ProjectConfigurationPlatforms) = postSolution
		{BCE9C3B4-3102-4564-8C2C-317B0559F958}.Debug|x64.ActiveCfg = Debug|x64
		{BCE9C3B4-3102-4564-8C2C-317B0559F958}.Debug|x64.Build.0 = Debug|x64
		{BCE9C3B4-3102-4564-8C2C-317B0559F958}.Debug|x86.ActiveCfg = Debug|Win32
		{BCE9C3B4-3102-4564-8C2C-317B0559F958}.Debug|x86.Build.0 = Debug|Win32
		{BCE9C3B4-3102-4564-8C2C-317B0559F958}.Release|x64.ActiveCfg = Release|x64
		{BCE9C3B4-3102-4564-8C2C-317B0559F958}.Release|x64.Build.0 = Release|x64
		{BCE9C3B4-3102-4564-8C2C-317B0559F958}.Release|x86.ActiveCfg = Release|Win32
		{BCE9C3B4-3102-4564-8C2C-317B0559F958}.Release|x86.Build.0 = Release|Win32
	EndGlobalSection
	GlobalSection(SolutionProperties) = preSolution
		HideSolutionNode = FALSE
	EndGlobalSection
	GlobalSection(ExtensibilityGlobals) = postSolution
		SolutionGuid = {87164857-D406-4689-A0B4-387AEF3458F8}
	EndGlobalSection
EndGlobal
